{
  "format": 1,
  "roots": [
    "hl7.fhir.r4.core#4.0.1",
    "hl7.fhir.us.core#9.0.0",
    "hl7.fhir.us.davinci-crd#2.2.1",
    "hl7.fhir.us.davinci-pas#2.0.1",
    "hl7.fhir.us.davinci-pas#2.1.0"
  ],
  "packages": [
    {
      "key": "hl7.fhir.r4.core#4.0.1",
      "url": "https://packages.fhir.org/hl7.fhir.r4.core/4.0.1",
      "sha256": "ebd7731df7d36b5b7d39d5fb6c9d77b44bb7fe5742f1a2e87f164738c3289d44",
      "dependencies": [],
      "dependency_resolutions": {}
    },
    {
      "key": "hl7.fhir.r4.examples#4.0.1",
      "url": "https://packages.fhir.org/hl7.fhir.r4.examples/4.0.1",
      "sha256": "e18b31e7a52145a31f1f3f409cf6847583b08b7306cc4e9460a95a7b5efba930",
      "dependencies": [],
      "dependency_resolutions": {}
    },
    {
      "key": "hl7.fhir.r5.core#5.0.0",
      "url": "https://packages.fhir.org/hl7.fhir.r5.core/5.0.0",
      "sha256": "74b27cd1bfce9e80eaceac431edf230b0945a443564fbf5512f82e5fa50a80d4",
      "dependencies": [],
      "dependency_resolutions": {}
    },
    {
      "key": "hl7.fhir.us.carin-bb#2.0.0",
      "url": "https://packages.fhir.org/hl7.fhir.us.carin-bb/2.0.0",
      "sha256": "3a2d672a807eb53c27fca1a9ad30c8374bbd43b895009b15ced5e69ab015effa",
      "dependencies": [
        "hl7.fhir.r4.core#4.0.1",
        "hl7.fhir.us.core#3.1.1",
        "hl7.terminology.r4#5.0.0",
        "us.nlm.vsac#0.7.0"
      ],
      "dependency_resolutions": {}
    },
    {
      "key": "hl7.fhir.us.core#3.1.1",
      "url": "https://packages.fhir.org/hl7.fhir.us.core/3.1.1",
      "sha256": "c96f3f8893277bb81791c067a8e87d5cfe8816dcc4c7938ec6a13be9585b37a0",
      "dependencies": [
        "hl7.fhir.r4.core#4.0.1"
      ],
      "dependency_resolutions": {}
    },
    {
      "key": "hl7.fhir.us.core#6.1.0",
      "url": "https://packages.fhir.org/hl7.fhir.us.core/6.1.0",
      "sha256": "ec096f29bc4ce8f04117dfc4ef82e7289c67a7e2188892e86288c45389d158d9",
      "dependencies": [
        "hl7.fhir.r4.core#4.0.1",
        "hl7.fhir.uv.bulkdata#2.0.0",
        "hl7.fhir.uv.extensions.r4#1.0.0",
        "hl7.fhir.uv.sdc#3.0.0",
        "hl7.fhir.uv.smart-app-launch#2.1.0",
        "hl7.terminology.r4#5.0.0",
        "ihe.formatcode.fhir#1.1.0",
        "us.cdc.phinvads#0.12.0",
        "us.nlm.vsac#0.11.0"
      ],
      "dependency_resolutions": {}
    },
    {
      "key": "hl7.fhir.us.core#7.0.0",
      "url": "https://packages.fhir.org/hl7.fhir.us.core/7.0.0",
      "sha256": "f47243e558b0a91104a2f80d4269d974d89862227e62ca2068f5bc4cba625737",
      "dependencies": [
        "hl7.fhir.r4.core#4.0.1",
        "hl7.fhir.uv.extensions#5.1.0-snapshot1",
        "hl7.fhir.uv.sdc#3.0.0",
        "hl7.fhir.uv.smart-app-launch#2.0.0",
        "hl7.terminology.r4#5.5.0",
        "us.cdc.phinvads#0.12.0",
        "us.nlm.vsac#0.18.0"
      ],
      "dependency_resolutions": {}
    },
    {
      "key": "hl7.fhir.us.core#9.0.0",
      "url": "https://packages.fhir.org/hl7.fhir.us.core/9.0.0",
      "sha256": "d7b54d2ec2a48cea94ffea5d939ad67a681f80b94d69594a08cebac36da9e059",
      "dependencies": [
        "hl7.fhir.r4.core#4.0.1",
        "hl7.fhir.uv.extensions.r4#5.3.0",
        "hl7.fhir.uv.sdc#4.0.0",
        "hl7.fhir.uv.smart-app-launch#2.2.0",
        "hl7.fhir.uv.xver-r5.r4#0.1.0",
        "hl7.terminology.r4#7.1.0",
        "us.cdc.phinvads#0.12.0"
      ],
      "dependency_resolutions": {}
    },
    {
      "key": "hl7.fhir.us.core.v311#3.1.1",
      "url": "https://packages.fhir.org/hl7.fhir.us.core.v311/3.1.1",
      "sha256": "15c5e759271d3feb90f204f86dbea316f9a84c175e52c01c4aef6f5a89342fe0",
      "dependencies": [
        "hl7.fhir.us.core#3.1.1"
      ],
      "dependency_resolutions": {}
    },
    {
      "key": "hl7.fhir.us.core.v610#6.1.0",
      "url": "https://packages.fhir.org/hl7.fhir.us.core.v610/6.1.0",
      "sha256": "c1f9332cdf7a9c9216dcf1fb626c2e7df4641ba24f9bbb83e1144ed01e145070",
      "dependencies": [
        "hl7.fhir.us.core#6.1.0"
      ],
      "dependency_resolutions": {}
    },
    {
      "key": "hl7.fhir.us.davinci-crd#2.0.0",
      "url": "https://packages.fhir.org/hl7.fhir.us.davinci-crd/2.0.0",
      "sha256": "1f86d290be80f568d9fac24b13f750607e3cf5e7f63a3916830f2d2857838796",
      "dependencies": [
        "hl7.fhir.r4.core#4.0.1",
        "hl7.fhir.us.core#3.1.1",
        "hl7.fhir.us.davinci-hrex#1.0.0",
        "hl7.fhir.uv.extensions.r4#1.0.0",
        "hl7.fhir.uv.sdc#3.0.0",
        "hl7.terminology.r4#5.3.0",
        "us.nlm.vsac#0.11.0"
      ],
      "dependency_resolutions": {}
    },
    {
      "key": "hl7.fhir.us.davinci-crd#2.2.1",
      "url": "https://packages.fhir.org/hl7.fhir.us.davinci-crd/2.2.1",
      "sha256": "9ce47b6a53f7c138a5c5952ddea2fbdaf282c346aae1d3a3947664e3e5e16525",
      "dependencies": [
        "hl7.fhir.r4.core#4.0.1",
        "hl7.fhir.us.core#7.0.0",
        "hl7.fhir.us.core.v311#3.1.1",
        "hl7.fhir.us.core.v610#6.1.0",
        "hl7.fhir.us.davinci-hrex#1.2.0",
        "hl7.fhir.uv.cds-hooks#3.0.0-ballot",
        "hl7.fhir.uv.cds-hooks-library#1.0.1",
        "hl7.fhir.uv.extensions.r4#5.2.0",
        "hl7.fhir.uv.sdc#4.0.0",
        "hl7.fhir.uv.tools.r4#1.1.2",
        "hl7.fhir.uv.xver-r5.r4#0.1.0",
        "hl7.terminology.r4#7.1.0",
        "us.nlm.vsac#0.19.0"
      ],
      "dependency_resolutions": {}
    },
    {
      "key": "hl7.fhir.us.davinci-hrex#1.0.0",
      "url": "https://packages.fhir.org/hl7.fhir.us.davinci-hrex/1.0.0",
      "sha256": "794f4488bd332e74b1cccffd6e8d302ddba356e2c4585b094d6731a75cf0efee",
      "dependencies": [
        "hl7.fhir.r4.core#4.0.1",
        "hl7.fhir.us.core#3.1.1",
        "hl7.fhir.us.udap-security#0.1.0"
      ],
      "dependency_resolutions": {}
    },
    {
      "key": "hl7.fhir.us.davinci-hrex#1.1.0",
      "url": "https://packages.fhir.org/hl7.fhir.us.davinci-hrex/1.1.0",
      "sha256": "a122c031bc7d285a7aff18e18462728e499043e47f3675f43d4b359884287359",
      "dependencies": [
        "hl7.fhir.r4.core#4.0.1",
        "hl7.fhir.us.core#7.0.0",
        "hl7.fhir.us.core.v311#3.1.1",
        "hl7.fhir.us.core.v610#6.1.0",
        "hl7.fhir.uv.extensions.r4#5.1.0",
        "hl7.terminology.r4#6.1.0",
        "us.nlm.vsac#0.19.0"
      ],
      "dependency_resolutions": {}
    },
    {
      "key": "hl7.fhir.us.davinci-hrex#1.2.0",
      "url": "https://packages.fhir.org/hl7.fhir.us.davinci-hrex/1.2.0",
      "sha256": "f28749c04bed6c791aa8aa594dbaffcdbabd4605d650860389dc2c2c61173c44",
      "dependencies": [
        "hl7.fhir.r4.core#4.0.1",
        "hl7.fhir.us.core#7.0.0",
        "hl7.fhir.us.core.v311#3.1.1",
        "hl7.fhir.us.core.v610#6.1.0",
        "hl7.fhir.uv.extensions.r4#5.2.0",
        "hl7.fhir.uv.tools.r4#1.1.2",
        "hl7.terminology.r4#7.1.0",
        "us.nlm.vsac#0.19.0"
      ],
      "dependency_resolutions": {}
    },
    {
      "key": "hl7.fhir.us.davinci-pas#2.0.1",
      "url": "https://packages.fhir.org/hl7.fhir.us.davinci-pas/2.0.1",
      "sha256": "1ba4159f2a1ea000dfb1685601bfc902c603a1c59ce2127118ee0a7aec694218",
      "dependencies": [
        "hl7.fhir.r4.core#4.0.1",
        "hl7.fhir.us.core#3.1.1",
        "hl7.fhir.us.davinci-crd#2.0.0",
        "hl7.fhir.uv.extensions.r4#1.0.0",
        "hl7.fhir.uv.subscriptions-backport.r4#1.1.0",
        "hl7.terminology.r4#5.3.0"
      ],
      "dependency_resolutions": {}
    },
    {
      "key": "hl7.fhir.us.davinci-pas#2.1.0",
      "url": "https://packages.fhir.org/hl7.fhir.us.davinci-pas/2.1.0",
      "sha256": "a0daef9c5acf6954c15ebd713477ce49962e56c0c2ac4362d1381aee8f7892df",
      "dependencies": [
        "hl7.fhir.r4.core#4.0.1",
        "hl7.fhir.us.carin-bb#2.0.0",
        "hl7.fhir.us.core#7.0.0",
        "hl7.fhir.us.core.v311#3.1.1",
        "hl7.fhir.us.core.v610#6.1.0",
        "hl7.fhir.us.davinci-crd#2.0.0",
        "hl7.fhir.us.davinci-hrex#1.1.0",
        "hl7.fhir.uv.extensions.r4#5.1.0",
        "hl7.fhir.uv.sdc#3.0.0",
        "hl7.fhir.uv.subscriptions-backport.r4#1.1.0",
        "hl7.terminology.r4#6.1.0"
      ],
      "dependency_resolutions": {}
    },
    {
      "key": "hl7.fhir.us.udap-security#0.1.0",
      "url": "https://packages.fhir.org/hl7.fhir.us.udap-security/0.1.0",
      "sha256": "3c6978b7f324ce927f490d5a6e522c3d354677e5a6b32c2a9854e7d4f2d6ba71",
      "dependencies": [
        "hl7.fhir.r4.core#4.0.1",
        "hl7.fhir.us.core#3.1.1"
      ],
      "dependency_resolutions": {}
    },
    {
      "key": "hl7.fhir.uv.bulkdata#2.0.0",
      "url": "https://packages.fhir.org/hl7.fhir.uv.bulkdata/2.0.0",
      "sha256": "2dca9c8aeebad2c3db8e0d8db919cb3a65a24b9fcf6d46f02badbb1ae89b86cb",
      "dependencies": [
        "hl7.fhir.r4.core#4.0.1"
      ],
      "dependency_resolutions": {}
    },
    {
      "key": "hl7.fhir.uv.cds-hooks#3.0.0-ballot",
      "url": "https://packages.fhir.org/hl7.fhir.uv.cds-hooks/3.0.0-ballot",
      "sha256": "17ccd07b20c5edd1483d2bd88930d43b86a13e631c0069a16eb67327d3e79499",
      "dependencies": [
        "hl7.fhir.r4.core#4.0.1",
        "hl7.fhir.uv.extensions.r4#5.2.0",
        "hl7.terminology.r4#7.0.1"
      ],
      "dependency_resolutions": {}
    },
    {
      "key": "hl7.fhir.uv.cds-hooks-library#1.0.1",
      "url": "https://packages.fhir.org/hl7.fhir.uv.cds-hooks-library/1.0.1",
      "sha256": "2ae7afed3a97abe4938cb788e378b586fa9ba005047eb84b94cfedad67b00e77",
      "dependencies": [
        "hl7.fhir.r4.core#4.0.1",
        "hl7.fhir.uv.extensions.r4#5.2.0",
        "hl7.terminology.r4#6.2.0"
      ],
      "dependency_resolutions": {}
    },
    {
      "key": "hl7.fhir.uv.extensions#5.1.0-snapshot1",
      "url": "https://packages.fhir.org/hl7.fhir.uv.extensions/5.1.0-snapshot1",
      "sha256": "8a1f92c1e77535cb2ae21b69028de81a21ea27bd24d0a76c43c7224b8f46b35c",
      "dependencies": [
        "hl7.terminology.r5#5.3.0"
      ],
      "dependency_resolutions": {}
    },
    {
      "key": "hl7.fhir.uv.extensions.r4#1.0.0",
      "url": "https://packages.fhir.org/hl7.fhir.uv.extensions.r4/1.0.0",
      "sha256": "b270eb5b0ea3d015398a5af6c86cab2718070cbb850e366ef050ce6d6eb4a9d3",
      "dependencies": [
        "hl7.fhir.r4.core#4.0.1"
      ],
      "dependency_resolutions": {}
    },
    {
      "key": "hl7.fhir.uv.extensions.r4#5.1.0",
      "url": "https://packages.fhir.org/hl7.fhir.uv.extensions.r4/5.1.0",
      "sha256": "f96eec24d8ad2c043cf295acdfab46b01e0e1fcc568740aab3fd1acee4cb0456",
      "dependencies": [
        "hl7.fhir.r4.core#4.0.1"
      ],
      "dependency_resolutions": {}
    },
    {
      "key": "hl7.fhir.uv.extensions.r4#5.2.0",
      "url": "https://packages.fhir.org/hl7.fhir.uv.extensions.r4/5.2.0",
      "sha256": "b406e75575f05676559d0759770c5939d023ee72fb2ef38e0b3259328487720a",
      "dependencies": [
        "hl7.fhir.r4.core#4.0.1"
      ],
      "dependency_resolutions": {}
    },
    {
      "key": "hl7.fhir.uv.extensions.r4#5.3.0",
      "url": "https://packages.fhir.org/hl7.fhir.uv.extensions.r4/5.3.0",
      "sha256": "dfbc3ac95df91ed845cc6b60920d2875f679361fa0e16f227cee93c4a9ab2104",
      "dependencies": [
        "hl7.fhir.r4.core#4.0.1",
        "hl7.terminology.r4#7.1.0"
      ],
      "dependency_resolutions": {}
    },
    {
      "key": "hl7.fhir.uv.extensions.r4#5.3.0-ballot-tc1",
      "url": "https://packages.fhir.org/hl7.fhir.uv.extensions.r4/5.3.0-ballot-tc1",
      "sha256": "5f5d1e88052d615453e6b7a1eb4f885df36590f14b52974e5860485d16819bd9",
      "dependencies": [
        "hl7.fhir.r4.core#4.0.1",
        "hl7.terminology.r4#6.5.0"
      ],
      "dependency_resolutions": {}
    },
    {
      "key": "hl7.fhir.uv.sdc#3.0.0",
      "url": "https://packages.fhir.org/hl7.fhir.uv.sdc/3.0.0",
      "sha256": "be5c3f0a7f82e072b40739e05fb68f3e58e44c9bd040cd901b1b55c62f23dca2",
      "dependencies": [
        "hl7.fhir.r4.core#4.0.1",
        "hl7.fhir.r4.examples#4.0.1"
      ],
      "dependency_resolutions": {}
    },
    {
      "key": "hl7.fhir.uv.sdc#4.0.0",
      "url": "https://packages.fhir.org/hl7.fhir.uv.sdc/4.0.0",
      "sha256": "d785be8474c7ec7988e32e326430d9ca4aeb2cac4a1f195022e4d6f7dc5c5291",
      "dependencies": [
        "hl7.fhir.r4.core#4.0.1",
        "hl7.fhir.r4.examples#4.0.1",
        "hl7.fhir.uv.extensions.r4#5.3.0-ballot-tc1",
        "hl7.fhir.uv.tools.r4#1.1.2",
        "hl7.fhir.uv.xver-r5.r4#0.1.0",
        "hl7.terminology.r4#7.1.0"
      ],
      "dependency_resolutions": {}
    },
    {
      "key": "hl7.fhir.uv.smart-app-launch#2.0.0",
      "url": "https://packages.fhir.org/hl7.fhir.uv.smart-app-launch/2.0.0",
      "sha256": "627e7a64e7abe130201fbae2ee7d2cb85d7d94972458d302c4d06d59e2c7d084",
      "dependencies": [
        "hl7.fhir.r4.core#4.0.1"
      ],
      "dependency_resolutions": {}
    },
    {
      "key": "hl7.fhir.uv.smart-app-launch#2.1.0",
      "url": "https://packages.fhir.org/hl7.fhir.uv.smart-app-launch/2.1.0",
      "sha256": "c1f26d40e5b58fc0c101f7f7e109ddc40b8156015e1632439d2cb34cf67a612c",
      "dependencies": [
        "hl7.fhir.r4.core#4.0.1",
        "hl7.terminology.r4#5.0.0"
      ],
      "dependency_resolutions": {}
    },
    {
      "key": "hl7.fhir.uv.smart-app-launch#2.2.0",
      "url": "https://packages.fhir.org/hl7.fhir.uv.smart-app-launch/2.2.0",
      "sha256": "0bb498dd09677684239f24d279b6da711cd814449f2f473c2970fbe881ec9c70",
      "dependencies": [
        "hl7.fhir.r4.core#4.0.1",
        "hl7.fhir.uv.extensions#5.1.0-snapshot1",
        "hl7.terminology#5.5.0"
      ],
      "dependency_resolutions": {}
    },
    {
      "key": "hl7.fhir.uv.subscriptions-backport.r4#1.1.0",
      "url": "https://packages.fhir.org/hl7.fhir.uv.subscriptions-backport.r4/1.1.0",
      "sha256": "083c7b36df03d26aedabaddd1feaee14771e8b62214844244c5db2a83c1343ea",
      "dependencies": [
        "hl7.fhir.r4.core#4.0.0",
        "hl7.terminology.r4#5.0.0"
      ],
      "dependency_resolutions": {
        "hl7.fhir.r4.core#4.0.0": "hl7.fhir.r4.core#4.0.1"
      }
    },
    {
      "key": "hl7.fhir.uv.tools.r4#1.1.2",
      "url": "https://packages.fhir.org/hl7.fhir.uv.tools.r4/1.1.2",
      "sha256": "a1f166f8808629a40c4acabc16a4fbfd164d9f38f9db95b6f4b38bb69155dfe4",
      "dependencies": [
        "hl7.fhir.r4.core#4.0.1",
        "hl7.fhir.uv.extensions.r4#5.2.0",
        "hl7.terminology.r4#7.1.0"
      ],
      "dependency_resolutions": {}
    },
    {
      "key": "hl7.fhir.uv.xver-r5.r4#0.1.0",
      "url": "https://packages.fhir.org/hl7.fhir.uv.xver-r5.r4/0.1.0",
      "sha256": "7ee6f04d78ced803dd567559a0d178bafbd2d3b71db61bbbf6b15c796a1a664d",
      "dependencies": [
        "hl7.fhir.r4.core#4.0.1",
        "hl7.fhir.uv.extensions.r4#5.2.0",
        "hl7.terminology.r4#7.1.0"
      ],
      "dependency_resolutions": {}
    },
    {
      "key": "hl7.terminology#5.5.0",
      "url": "https://packages.fhir.org/hl7.terminology/5.5.0",
      "sha256": "6d0947f9be882c06c29c693b784b751e8bd8700acdc0cf042bf4ce48d6b16698",
      "dependencies": [
        "hl7.fhir.r4.core#4.0.1",
        "hl7.fhir.uv.extensions.r4#1.0.0"
      ],
      "dependency_resolutions": {}
    },
    {
      "key": "hl7.terminology.r4#5.0.0",
      "url": "https://packages.fhir.org/hl7.terminology.r4/5.0.0",
      "sha256": "c863bef14eddb01d2884d8f14826b9b152f9fcef6b99e107025136af69ce2c18",
      "dependencies": [
        "hl7.fhir.r4.core#4.0.1"
      ],
      "dependency_resolutions": {}
    },
    {
      "key": "hl7.terminology.r4#5.3.0",
      "url": "https://packages.fhir.org/hl7.terminology.r4/5.3.0",
      "sha256": "c5bc37a30763994de424fadfde536ee9d492aab8fa5ccdbe8eb4f2912fe3248a",
      "dependencies": [
        "hl7.fhir.r4.core#4.0.1"
      ],
      "dependency_resolutions": {}
    },
    {
      "key": "hl7.terminology.r4#5.5.0",
      "url": "https://packages.fhir.org/hl7.terminology.r4/5.5.0",
      "sha256": "0bc96d49e4892a91e2b087e4c8b90c3ba307e1a18dc32dca6967a0f10adb2e28",
      "dependencies": [
        "hl7.fhir.r4.core#4.0.1"
      ],
      "dependency_resolutions": {}
    },
    {
      "key": "hl7.terminology.r4#6.1.0",
      "url": "https://packages.fhir.org/hl7.terminology.r4/6.1.0",
      "sha256": "37d28e130903296267953f1e46f1acb5ed8ce2a485f1da53e7454d2df1b0585a",
      "dependencies": [
        "hl7.fhir.r4.core#4.0.1"
      ],
      "dependency_resolutions": {}
    },
    {
      "key": "hl7.terminology.r4#6.2.0",
      "url": "https://packages.fhir.org/hl7.terminology.r4/6.2.0",
      "sha256": "79404c9cc95491fc0155627cd039c401a6eb4748175328131e91b709a41300e2",
      "dependencies": [
        "hl7.fhir.r4.core#4.0.1"
      ],
      "dependency_resolutions": {}
    },
    {
      "key": "hl7.terminology.r4#6.5.0",
      "url": "https://packages.fhir.org/hl7.terminology.r4/6.5.0",
      "sha256": "a28b638483a11df696ed92198276236d759e41c7a3a8960c9e7e7d0a1185bd06",
      "dependencies": [
        "hl7.fhir.r4.core#4.0.1",
        "hl7.fhir.uv.extensions.r4#5.2.0"
      ],
      "dependency_resolutions": {}
    },
    {
      "key": "hl7.terminology.r4#7.0.1",
      "url": "https://packages.fhir.org/hl7.terminology.r4/7.0.1",
      "sha256": "7e88619af8d6ec06f0f521a64800da7d8197ceb1c451c293ec1b796efce3840e",
      "dependencies": [
        "hl7.fhir.r4.core#4.0.1",
        "hl7.fhir.uv.extensions.r4#5.2.0"
      ],
      "dependency_resolutions": {}
    },
    {
      "key": "hl7.terminology.r4#7.1.0",
      "url": "https://packages.fhir.org/hl7.terminology.r4/7.1.0",
      "sha256": "1cb0cd5601972925fcd04f2c175d9cc63a9ecd9346a91a6e735f1a865dc5fba1",
      "dependencies": [
        "hl7.fhir.r4.core#4.0.1",
        "hl7.fhir.uv.extensions.r4#5.2.0"
      ],
      "dependency_resolutions": {}
    },
    {
      "key": "hl7.terminology.r5#5.3.0",
      "url": "https://packages.fhir.org/hl7.terminology.r5/5.3.0",
      "sha256": "5366fbaf1b8a3d0bb69099a659d0a01377a541df284146d71f3a7dbea889d6c3",
      "dependencies": [
        "hl7.fhir.r5.core#5.0.0"
      ],
      "dependency_resolutions": {}
    },
    {
      "key": "ihe.formatcode.fhir#1.1.0",
      "url": "https://packages.fhir.org/ihe.formatcode.fhir/1.1.0",
      "sha256": "3c9bf67d35d5b090ce5a2215ea7e650c9e826918ebddc95eaa35439a436f7d84",
      "dependencies": [
        "hl7.fhir.r4.core#4.0.1"
      ],
      "dependency_resolutions": {}
    },
    {
      "key": "us.cdc.phinvads#0.12.0",
      "url": "https://packages.fhir.org/us.cdc.phinvads/0.12.0",
      "sha256": "cf565971a6bcca3193de4d7ff71f5c443fc4e00adaeef8c88416d21c778e3a3f",
      "dependencies": [
        "hl7.fhir.r4.core#4.0.1"
      ],
      "dependency_resolutions": {}
    },
    {
      "key": "us.nlm.vsac#0.11.0",
      "url": "https://packages.fhir.org/us.nlm.vsac/0.11.0",
      "sha256": "37aa3f718c68283ec7123bfa77adf8c5fcdd90b35be37e19d76a8b66121bc88d",
      "dependencies": [
        "hl7.fhir.r4.core#4.0.1"
      ],
      "dependency_resolutions": {}
    },
    {
      "key": "us.nlm.vsac#0.18.0",
      "url": "https://packages2.fhir.org/packages/us.nlm.vsac/0.18.0",
      "sha256": "50d8739f2b6d35a61036027655e75bfc37eca3ab48808615324196a633e3bfbd",
      "dependencies": [
        "hl7.fhir.r4.core#4.0.1"
      ],
      "dependency_resolutions": {}
    },
    {
      "key": "us.nlm.vsac#0.19.0",
      "url": "https://packages.fhir.org/us.nlm.vsac/0.19.0",
      "sha256": "cdcb393235ffdbb1c91863b4ddb56e5afccc5381b8cddc46c23716e8dc4b30c0",
      "dependencies": [
        "hl7.fhir.r4.core#4.0.1"
      ],
      "dependency_resolutions": {}
    },
    {
      "key": "us.nlm.vsac#0.7.0",
      "url": "https://packages.fhir.org/us.nlm.vsac/0.7.0",
      "sha256": "723ec30c207f8f04de5d830394637de69581fb5ffa88f92a903cd3c6f016e668",
      "dependencies": [
        "hl7.fhir.r4.core#4.0.1"
      ],
      "dependency_resolutions": {}
    }
  ],
  "embedding": {
    "model": "BAAI/bge-small-en-v1.5",
    "repo": "Qdrant/bge-small-en-v1.5-onnx-Q",
    "revision": "52398278842ec682c6f32300af41344b1c0b0bb2",
    "dimensions": 384,
    "max_tokens": 256,
    "fastembed": "0.8.0",
    "onnxruntime": "1.29.0",
    "tokenizers": "0.23.2",
    "format": 1,
    "semantic_exclusions": [
      "copyright",
      "generated_narrative"
    ],
    "files": {
      "config.json": "13582bcf2effc85b7bf3d3f5532e686bc1c9ce86bb009d10f0ec33cbe92299dd",
      "model_optimized.onnx": "51f1bd0addd6e859e42c2c8021a5e5461385bb676a649f4b269aa445449f2431",
      "special_tokens_map.json": "5d5b662e421ea9fac075174bb0688ee0d9431699900b90662acd44b2a350503a",
      "tokenizer.json": "d241a60d5e8f04cc1b2b3e9ef7a4921b27bf526d9f6050ab90f9267a1f9e5c66",
      "tokenizer_config.json": "0b29c7bfc889e53b36d9dd3e686dd4300f6525110eaa98c76a5dafceb2029f53",
      "vocab.txt": "07eced375cec144d27c900241f3e339478dec958f92fddbc551f295c992038a3"
    }
  },
  "documents": [
    {
      "package": "hl7.fhir.us.davinci-pas#2.0.1",
      "url": "https://hl7.org/fhir/us/davinci-pas/STU2/index.html",
      "title": "Prior Authorization Implementation Guide Home Page",
      "sha256": "13cbae5468226afd8fdcffb6afcc3b5859ad6830e0865b0f09f5bb17eeb0f0f8",
      "publication": "https://hl7.org/fhir/us/davinci-pas/STU2/full-ig.zip",
      "member": "site/index.html"
    },
    {
      "package": "hl7.fhir.us.davinci-pas#2.0.1",
      "url": "https://hl7.org/fhir/us/davinci-pas/STU2/usecases.html",
      "title": "Use Cases and Overview",
      "sha256": "e60218615fdb7f011d4a2295cd865ee0507a7451e5e0745db6931d1603c7a115",
      "publication": "https://hl7.org/fhir/us/davinci-pas/STU2/full-ig.zip",
      "member": "site/usecases.html"
    },
    {
      "package": "hl7.fhir.us.davinci-pas#2.0.1",
      "url": "https://hl7.org/fhir/us/davinci-pas/STU2/additionalinfo.html",
      "title": "Request for Additional Information",
      "sha256": "a255491b32b487626b4ea0ead3392506514554d57d5f8aa7ec69520380d3de43",
      "publication": "https://hl7.org/fhir/us/davinci-pas/STU2/full-ig.zip",
      "member": "site/additionalinfo.html"
    },
    {
      "package": "hl7.fhir.us.davinci-pas#2.0.1",
      "url": "https://hl7.org/fhir/us/davinci-pas/STU2/background.html",
      "title": "Technical Background",
      "sha256": "dd52e88d91759903f440358616252170d79f42175d3f8333917d6ba0e77f9b89",
      "publication": "https://hl7.org/fhir/us/davinci-pas/STU2/full-ig.zip",
      "member": "site/background.html"
    },
    {
      "package": "hl7.fhir.us.davinci-pas#2.0.1",
      "url": "https://hl7.org/fhir/us/davinci-pas/STU2/regulations.html",
      "title": "HIPAA Regulations",
      "sha256": "4db32bc50ecc7f558195ac26ca12c1e4613711c0fa0e02f6c6782145bba610fc",
      "publication": "https://hl7.org/fhir/us/davinci-pas/STU2/full-ig.zip",
      "member": "site/regulations.html"
    },
    {
      "package": "hl7.fhir.us.davinci-pas#2.0.1",
      "url": "https://hl7.org/fhir/us/davinci-pas/STU2/specification.html",
      "title": "Formal Specification",
      "sha256": "0cc9f58e5ed5d8001bc4aa41d3b753b35160c1bc185e975c9672fbb13e609d15",
      "publication": "https://hl7.org/fhir/us/davinci-pas/STU2/full-ig.zip",
      "member": "site/specification.html"
    },
    {
      "package": "hl7.fhir.us.davinci-pas#2.0.1",
      "url": "https://hl7.org/fhir/us/davinci-pas/STU2/privacy.html",
      "title": "Privacy & Security",
      "sha256": "810c8240f61b63ee9ddb41eab4e2f45c7fee21f96d96ff150903773afbc9aea4",
      "publication": "https://hl7.org/fhir/us/davinci-pas/STU2/full-ig.zip",
      "member": "site/privacy.html"
    },
    {
      "package": "hl7.fhir.us.davinci-pas#2.0.1",
      "url": "https://hl7.org/fhir/us/davinci-pas/STU2/epaWorkflow.html",
      "title": "PAS ePA Coordinator Information",
      "sha256": "84c0d9424bca4fdbe91dfe2eaf68c50710e50648a900543bf8f29dd755eb1189",
      "publication": "https://hl7.org/fhir/us/davinci-pas/STU2/full-ig.zip",
      "member": "site/epaWorkflow.html"
    },
    {
      "package": "hl7.fhir.us.davinci-pas#2.0.1",
      "url": "https://hl7.org/fhir/us/davinci-pas/STU2/metrics.html",
      "title": "PAS Metrics",
      "sha256": "110b877a9c51f36b624c40d1d214144e571d52227430b582b8a61060bb91a05f",
      "publication": "https://hl7.org/fhir/us/davinci-pas/STU2/full-ig.zip",
      "member": "site/metrics.html"
    },
    {
      "package": "hl7.fhir.us.davinci-pas#2.0.1",
      "url": "https://hl7.org/fhir/us/davinci-pas/STU2/fhirArtifacts.html",
      "title": "Artifacts Overview",
      "sha256": "eb372dd11cfcd349864ae620bae70114dfa4f7b86a651f6e488989b5c3a674cb",
      "publication": "https://hl7.org/fhir/us/davinci-pas/STU2/full-ig.zip",
      "member": "site/fhirArtifacts.html"
    },
    {
      "package": "hl7.fhir.us.davinci-pas#2.1.0",
      "url": "https://hl7.org/fhir/us/davinci-pas/STU2.1/index.html",
      "title": "Prior Authorization Implementation Guide Home Page",
      "sha256": "90fe02f77b23f0e9baa9c8393716d0036ede161d1c2338d9731929567b49c1ab",
      "publication": "https://hl7.org/fhir/us/davinci-pas/STU2.1/full-ig.zip",
      "member": "site/index.html"
    },
    {
      "package": "hl7.fhir.us.davinci-pas#2.1.0",
      "url": "https://hl7.org/fhir/us/davinci-pas/STU2.1/usecases.html",
      "title": "Use Cases and Overview",
      "sha256": "7f6a58dd1c69ba6633160c785752aed9caecb2a821ec4b5cdecdc353e6e1dda4",
      "publication": "https://hl7.org/fhir/us/davinci-pas/STU2.1/full-ig.zip",
      "member": "site/usecases.html"
    },
    {
      "package": "hl7.fhir.us.davinci-pas#2.1.0",
      "url": "https://hl7.org/fhir/us/davinci-pas/STU2.1/additionalinfo.html",
      "title": "Request for Additional Information",
      "sha256": "5a2cbb4ad9baef246acfb91a50b90f82399aeae9967074135f794ec806694bf2",
      "publication": "https://hl7.org/fhir/us/davinci-pas/STU2.1/full-ig.zip",
      "member": "site/additionalinfo.html"
    },
    {
      "package": "hl7.fhir.us.davinci-pas#2.1.0",
      "url": "https://hl7.org/fhir/us/davinci-pas/STU2.1/background.html",
      "title": "Technical Background",
      "sha256": "57ee7ceb7321bca7a97804ea64310b2845897ebbb282adb82d3e6d0fa77c8d58",
      "publication": "https://hl7.org/fhir/us/davinci-pas/STU2.1/full-ig.zip",
      "member": "site/background.html"
    },
    {
      "package": "hl7.fhir.us.davinci-pas#2.1.0",
      "url": "https://hl7.org/fhir/us/davinci-pas/STU2.1/regulations.html",
      "title": "HIPAA Regulations",
      "sha256": "c495c1fe9b0f340c6143e8e875d90306abee27bc963bc2f3b788626a44b22ccd",
      "publication": "https://hl7.org/fhir/us/davinci-pas/STU2.1/full-ig.zip",
      "member": "site/regulations.html"
    },
    {
      "package": "hl7.fhir.us.davinci-pas#2.1.0",
      "url": "https://hl7.org/fhir/us/davinci-pas/STU2.1/specification.html",
      "title": "Formal Specification",
      "sha256": "5789d1ac810c5726fde859ce5bd7844fc569e1d9b52569f618432ef4832fe38a",
      "publication": "https://hl7.org/fhir/us/davinci-pas/STU2.1/full-ig.zip",
      "member": "site/specification.html"
    },
    {
      "package": "hl7.fhir.us.davinci-pas#2.1.0",
      "url": "https://hl7.org/fhir/us/davinci-pas/STU2.1/privacy.html",
      "title": "Privacy & Security",
      "sha256": "10aab88d4cc26e9ee21f6db481cd22c3d59c671b50d1baed1b783e7371249543",
      "publication": "https://hl7.org/fhir/us/davinci-pas/STU2.1/full-ig.zip",
      "member": "site/privacy.html"
    },
    {
      "package": "hl7.fhir.us.davinci-pas#2.1.0",
      "url": "https://hl7.org/fhir/us/davinci-pas/STU2.1/epaWorkflow.html",
      "title": "PAS ePA Coordinator Information",
      "sha256": "6592bd4e27ae36e6cca9330c1d2a7400d851aef47ce4db4e674c6e8779a1d9b1",
      "publication": "https://hl7.org/fhir/us/davinci-pas/STU2.1/full-ig.zip",
      "member": "site/epaWorkflow.html"
    },
    {
      "package": "hl7.fhir.us.davinci-pas#2.1.0",
      "url": "https://hl7.org/fhir/us/davinci-pas/STU2.1/metrics.html",
      "title": "PAS Metrics",
      "sha256": "d67dd78521a7b33a3df1110ada647324f7be3438fc0403e638d92b330a95782a",
      "publication": "https://hl7.org/fhir/us/davinci-pas/STU2.1/full-ig.zip",
      "member": "site/metrics.html"
    },
    {
      "package": "hl7.fhir.us.davinci-pas#2.1.0",
      "url": "https://hl7.org/fhir/us/davinci-pas/STU2.1/fhirArtifacts.html",
      "title": "Artifacts Overview",
      "sha256": "c050e972e5c692588f604bcb75351419320cffbb5477b1f2a53a38c45d85c699",
      "publication": "https://hl7.org/fhir/us/davinci-pas/STU2.1/full-ig.zip",
      "member": "site/fhirArtifacts.html"
    },
    {
      "package": "hl7.fhir.us.davinci-pas#2.1.0",
      "url": "https://hl7.org/fhir/us/davinci-pas/STU2.1/conformance.html",
      "title": "Conformance",
      "sha256": "62e9ce119f5bfd0938d7eaccdeb391ab6b9bfe2054400c03cbfd41e24f9ea069",
      "publication": "https://hl7.org/fhir/us/davinci-pas/STU2.1/full-ig.zip",
      "member": "site/conformance.html"
    },
    {
      "package": "hl7.fhir.us.davinci-crd#2.2.1",
      "url": "https://hl7.org/fhir/us/davinci-crd/2.2.1/en/index.html",
      "title": "CRD IG Home Page",
      "sha256": "dfe4300112f3a118acc8a897ee00856d30440d044415c0375b945a6abd0c22ac",
      "publication": "https://hl7.org/fhir/us/davinci-crd/2.2.1/full-ig.zip",
      "member": "site/en/index.html"
    },
    {
      "package": "hl7.fhir.us.davinci-crd#2.2.1",
      "url": "https://hl7.org/fhir/us/davinci-crd/2.2.1/en/background.html",
      "title": "Reading this IG",
      "sha256": "d1608c73f419d51a7673a36be59fe0ff37f963f64a51b2db1d9fcbedf881487f",
      "publication": "https://hl7.org/fhir/us/davinci-crd/2.2.1/full-ig.zip",
      "member": "site/en/background.html"
    },
    {
      "package": "hl7.fhir.us.davinci-crd#2.2.1",
      "url": "https://hl7.org/fhir/us/davinci-crd/2.2.1/en/usecases.html",
      "title": "Use Cases",
      "sha256": "1e0918563948e0ebdc961b4312ffb477ab713354a3159f2ac0ef7d03527a99b6",
      "publication": "https://hl7.org/fhir/us/davinci-crd/2.2.1/full-ig.zip",
      "member": "site/en/usecases.html"
    },
    {
      "package": "hl7.fhir.us.davinci-crd#2.2.1",
      "url": "https://hl7.org/fhir/us/davinci-crd/2.2.1/en/burden.html",
      "title": "Burden Reduction",
      "sha256": "c53b0252aacff02c7a6b8a9f8268024d89a9c92e16b140ef3ea789a8334b9853",
      "publication": "https://hl7.org/fhir/us/davinci-crd/2.2.1/full-ig.zip",
      "member": "site/en/burden.html"
    },
    {
      "package": "hl7.fhir.us.davinci-crd#2.2.1",
      "url": "https://hl7.org/fhir/us/davinci-crd/2.2.1/en/epa.html",
      "title": "ePA Coordinators",
      "sha256": "fe9cb6421be806cd7616ee7e24c43128673835490550a54698efe7a6f27725fd",
      "publication": "https://hl7.org/fhir/us/davinci-crd/2.2.1/full-ig.zip",
      "member": "site/en/epa.html"
    },
    {
      "package": "hl7.fhir.us.davinci-crd#2.2.1",
      "url": "https://hl7.org/fhir/us/davinci-crd/2.2.1/en/operational.html",
      "title": "Operational Considerations",
      "sha256": "2e2553bcb2ac74879cbcd62de4d2fcaede66f998181c6b2189cfa4146f493b86",
      "publication": "https://hl7.org/fhir/us/davinci-crd/2.2.1/full-ig.zip",
      "member": "site/en/operational.html"
    },
    {
      "package": "hl7.fhir.us.davinci-crd#2.2.1",
      "url": "https://hl7.org/fhir/us/davinci-crd/2.2.1/en/conformance.html",
      "title": "Conformance Expectations",
      "sha256": "fe84639a17199623c4575831f34d82e0e509b5f18754503ad7a090fa19c73ae9",
      "publication": "https://hl7.org/fhir/us/davinci-crd/2.2.1/full-ig.zip",
      "member": "site/en/conformance.html"
    },
    {
      "package": "hl7.fhir.us.davinci-crd#2.2.1",
      "url": "https://hl7.org/fhir/us/davinci-crd/2.2.1/en/conformancedetails.html",
      "title": "Conformance Details",
      "sha256": "b74eb4b17a7a1346b7f301861a0dcc89d5fab76537373e8f0429284300e3942b",
      "publication": "https://hl7.org/fhir/us/davinci-crd/2.2.1/full-ig.zip",
      "member": "site/en/conformancedetails.html"
    },
    {
      "package": "hl7.fhir.us.davinci-crd#2.2.1",
      "url": "https://hl7.org/fhir/us/davinci-crd/2.2.1/en/security.html",
      "title": "Privacy, Safety, and Security",
      "sha256": "4bde89685d9b85d9ce79d506cbaf27b2a5a7729d11b3ffbabf431d01266e5eca",
      "publication": "https://hl7.org/fhir/us/davinci-crd/2.2.1/full-ig.zip",
      "member": "site/en/security.html"
    },
    {
      "package": "hl7.fhir.us.davinci-crd#2.2.1",
      "url": "https://hl7.org/fhir/us/davinci-crd/2.2.1/en/foundation.html",
      "title": "Foundational Requirements",
      "sha256": "389c3805230412b08cee6cb9e3c231da54ccdeae64636c6f54be108de1e1329e",
      "publication": "https://hl7.org/fhir/us/davinci-crd/2.2.1/full-ig.zip",
      "member": "site/en/foundation.html"
    },
    {
      "package": "hl7.fhir.us.davinci-crd#2.2.1",
      "url": "https://hl7.org/fhir/us/davinci-crd/2.2.1/en/deviations.html",
      "title": "CDS Hooks Deviations and Enhancements",
      "sha256": "9bbd3acf868864dc893486adf12799d534f9b9f17f041c5a204accc143bbd432",
      "publication": "https://hl7.org/fhir/us/davinci-crd/2.2.1/full-ig.zip",
      "member": "site/en/deviations.html"
    },
    {
      "package": "hl7.fhir.us.davinci-crd#2.2.1",
      "url": "https://hl7.org/fhir/us/davinci-crd/2.2.1/en/hooks.html",
      "title": "Supported Hooks",
      "sha256": "42d1ce8de45fe9083902b23c9834f597165d27880a1aa1c637fbd6ea794fef32",
      "publication": "https://hl7.org/fhir/us/davinci-crd/2.2.1/full-ig.zip",
      "member": "site/en/hooks.html"
    },
    {
      "package": "hl7.fhir.us.davinci-crd#2.2.1",
      "url": "https://hl7.org/fhir/us/davinci-crd/2.2.1/en/cards.html",
      "title": "CDS Hooks Response Profiles",
      "sha256": "34ba385ff60d5086eb95c86c416d84e1c8b2efc1e1a225e0d942a0f065fd2814",
      "publication": "https://hl7.org/fhir/us/davinci-crd/2.2.1/full-ig.zip",
      "member": "site/en/cards.html"
    },
    {
      "package": "hl7.fhir.us.davinci-crd#2.2.1",
      "url": "https://hl7.org/fhir/us/davinci-crd/2.2.1/en/implementation.html",
      "title": "Implementation Considerations",
      "sha256": "2f6440ee4395e0746fabae6491482f0ef42b361278cb1c8079a041adb51b146d",
      "publication": "https://hl7.org/fhir/us/davinci-crd/2.2.1/full-ig.zip",
      "member": "site/en/implementation.html"
    },
    {
      "package": "hl7.fhir.us.davinci-crd#2.2.1",
      "url": "https://hl7.org/fhir/us/davinci-crd/2.2.1/en/metrics.html",
      "title": "CRD Metrics",
      "sha256": "e307c4789abb516cacfb573ac5cff2b99f5523a56e05cc9378c9705af9db6c39",
      "publication": "https://hl7.org/fhir/us/davinci-crd/2.2.1/full-ig.zip",
      "member": "site/en/metrics.html"
    },
    {
      "package": "hl7.fhir.us.davinci-crd#2.2.1",
      "url": "https://hl7.org/fhir/us/davinci-crd/2.2.1/en/allartifacts.html",
      "title": "FHIR Artifacts",
      "sha256": "52cddda64220d261d87e5c6d4382a29b108e1da4331a78c6d78f02aae019b283",
      "publication": "https://hl7.org/fhir/us/davinci-crd/2.2.1/full-ig.zip",
      "member": "site/en/allartifacts.html"
    }
  ],
  "publications": [
    {
      "package": "hl7.fhir.us.davinci-pas#2.0.1",
      "url": "https://hl7.org/fhir/us/davinci-pas/STU2/full-ig.zip",
      "page_prefix": "",
      "sha256": "b32ba1c840e6dd3bc3ce1f921727125b102db60b7e25fdbdec98c7a8187d3831"
    },
    {
      "package": "hl7.fhir.us.davinci-pas#2.1.0",
      "url": "https://hl7.org/fhir/us/davinci-pas/STU2.1/full-ig.zip",
      "page_prefix": "",
      "sha256": "a13e31b94e6a9cba78acff6a9884b575f62884eaf16f9e7da1c9f2bac058ef41"
    },
    {
      "package": "hl7.fhir.us.davinci-crd#2.2.1",
      "url": "https://hl7.org/fhir/us/davinci-crd/2.2.1/full-ig.zip",
      "page_prefix": "en/",
      "sha256": "8bae614c5f2cd5e9e2a922fd00488798142c892a90556fb9207aa61ecf06da4e"
    }
  ]
}
